
Microsoft Visual Studio Solution File, Format Version 12.00
# Visual Studio Version 16
VisualStudioVersion = 16.0.32126.315
MinimumVisualStudioVersion = 10.0.40219.1
Project("{2150E333-8FDC-42A3-9474-1A3956D46DE8}") = "src", "src", "{9DFCB304-4323-494B-B407-F391E32B2504}"
EndProject
Project("{FAE04EC0-301F-11D3-BF4B-00C04F79EFBC}") = "BookActivity.Domain", "src\BookActivity.Domain\BookActivity.Domain.csproj", "{C45AEDF2-1DBE-4C2E-BC76-DD31F6069DC6}"
EndProject
Global
	GlobalSection(SolutionConfigurationPlatforms) = preSolution
		Debug|Any CPU = Debug|Any CPU
		Release|Any CPU = Release|Any CPU
	EndGlobalSection
	GlobalSection(ProjectConfigurationPlatforms) = postSolution
		{C45AEDF2-1DBE-4C2E-BC76-DD31F6069DC6}.Debug|Any CPU.ActiveCfg = Debug|Any CPU
		{C45AEDF2-1DBE-4C2E-BC76-DD31F6069DC6}.Debug|Any CPU.Build.0 = Debug|Any CPU
		{C45AEDF2-1DBE-4C2E-BC76-DD31F6069DC6}.Release|Any CPU.ActiveCfg = Release|Any CPU
		{C45AEDF2-1DBE-4C2E-BC76-DD31F6069DC6}.Release|Any CPU.Build.0 = Release|Any CPU
	EndGlobalSection
	GlobalSection(SolutionProperties) = preSolution
		HideSolutionNode = FALSE
	EndGlobalSection
	GlobalSection(NestedProjects) = preSolution
		{C45AEDF2-1DBE-4C2E-BC76-DD31F6069DC6} = {9DFCB304-4323-494B-B407-F391E32B2504}
	EndGlobalSection
	GlobalSection(ExtensibilityGlobals) = postSolution
		SolutionGuid = {A8ECF7E0-8E53-4EE7-B031-A976B3CC6926}
	EndGlobalSection
EndGlobal
