
Microsoft Visual Studio Solution File, Format Version 12.00
# Visual Studio Version 17
VisualStudioVersion = 17.1.32319.34
MinimumVisualStudioVersion = 10.0.40219.1
Project("{2150E333-8FDC-42A3-9474-1A3956D46DE8}") = "src", "src", "{9DFCB304-4323-494B-B407-F391E32B2504}"
EndProject
Project("{9A19103F-16F7-4668-BE54-9A1E7A4F7556}") = "BookActivity.Domain", "src\BookActivity.Domain\BookActivity.Domain.csproj", "{C45AEDF2-1DBE-4C2E-BC76-DD31F6069DC6}"
EndProject
Project("{2150E333-8FDC-42A3-9474-1A3956D46DE8}") = "Domain", "Domain", "{8D796F82-08F0-443D-9EA2-5B4EA481FB3D}"
EndProject
Project("{2150E333-8FDC-42A3-9474-1A3956D46DE8}") = "Infrastrucuture", "Infrastrucuture", "{4609E209-99DF-454B-BFAF-1DB23FD8BE5B}"
EndProject
Project("{9A19103F-16F7-4668-BE54-9A1E7A4F7556}") = "BookActivity.Domain.Core", "src\BookActivity.Domain.Core\BookActivity.Domain.Core.csproj", "{ECC4806D-5EBC-4CAD-AF20-6DF1D120A9F1}"
EndProject
Project("{2150E333-8FDC-42A3-9474-1A3956D46DE8}") = "Application", "Application", "{C03163A1-4DFF-4426-8271-EF31F3FC8AB4}"
EndProject
Project("{9A19103F-16F7-4668-BE54-9A1E7A4F7556}") = "BookActivity.Application", "src\BookActivity.Application\BookActivity.Application.csproj", "{8CCBD6C9-D73D-450D-A18D-A08FD0353686}"
EndProject
Project("{2150E333-8FDC-42A3-9474-1A3956D46DE8}") = "Services", "Services", "{FA4D24D3-9507-45A2-994E-A37CB555AA95}"
EndProject
Project("{9A19103F-16F7-4668-BE54-9A1E7A4F7556}") = "BookActivity.Api.Common", "src\BookActivity.Api.Common\BookActivity.Api.Common.csproj", "{27F722DB-9DD3-4D60-8350-85A610E28DA2}"
EndProject
Project("{9A19103F-16F7-4668-BE54-9A1E7A4F7556}") = "BookActivity.Api", "src\BookActivity.Api\BookActivity.Api.csproj", "{A2C278BC-1018-44BB-A51E-F993F7251A0D}"
EndProject
Project("{9A19103F-16F7-4668-BE54-9A1E7A4F7556}") = "BookActivity.Shared", "src\BookActivity.Shared\BookActivity.Shared.csproj", "{98396591-6DED-4FAD-A270-A4423CC94EFD}"
EndProject
Project("{9A19103F-16F7-4668-BE54-9A1E7A4F7556}") = "BookActivity.Initialization", "src\BookActivity.Initialization\BookActivity.Initialization.csproj", "{E8C9A2A7-C04F-4BDD-B1CC-5068D98D8A01}"
EndProject
Project("{9A19103F-16F7-4668-BE54-9A1E7A4F7556}") = "BookActivity.Infrastructure", "src\BookActivity.Infrastructure\BookActivity.Infrastructure.csproj", "{7B83F633-2752-4D47-BE2F-F39A808BFFD3}"
EndProject
Project("{9A19103F-16F7-4668-BE54-9A1E7A4F7556}") = "BookActivity.Infrastructure.Data", "src\BookActivity.Infrastrucuture.Data\BookActivity.Infrastructure.Data.csproj", "{EDB6D720-B63A-4805-A656-3042A36CA937}"
EndProject
Project("{2150E333-8FDC-42A3-9474-1A3956D46DE8}") = "Solution Items", "Solution Items", "{F56F6F35-321E-4793-BDAF-EA2B46E8DC30}"
	ProjectSection(SolutionItems) = preProject
		docker-compose.yml = docker-compose.yml
		Dockerfile = Dockerfile
	EndProjectSection
EndProject
Project("{FAE04EC0-301F-11D3-BF4B-00C04F79EFBC}") = "BookActivity.Domain.Test", "BookActivity.Domain.Test\BookActivity.Domain.Test.csproj", "{5648A0BE-D397-4947-B9F0-350342F5B63A}"
EndProject
Project("{FAE04EC0-301F-11D3-BF4B-00C04F79EFBC}") = "BookActivity.Application.Test", "BookActivity.Application.Test\BookActivity.Application.Test.csproj", "{9D89BFEE-5DF8-49EB-B217-5046B5368204}"
EndProject
Project("{FAE04EC0-301F-11D3-BF4B-00C04F79EFBC}") = "BookActivity.Common.Test", "BookActivity.Common.Test\BookActivity.Common.Test.csproj", "{2F0E8CB5-9B4D-47B1-86CD-0764FAA19E55}"
EndProject
Global
	GlobalSection(SolutionConfigurationPlatforms) = preSolution
		Debug|Any CPU = Debug|Any CPU
		Release|Any CPU = Release|Any CPU
	EndGlobalSection
	GlobalSection(ProjectConfigurationPlatforms) = postSolution
		{C45AEDF2-1DBE-4C2E-BC76-DD31F6069DC6}.Debug|Any CPU.ActiveCfg = Debug|Any CPU
		{C45AEDF2-1DBE-4C2E-BC76-DD31F6069DC6}.Debug|Any CPU.Build.0 = Debug|Any CPU
		{C45AEDF2-1DBE-4C2E-BC76-DD31F6069DC6}.Release|Any CPU.ActiveCfg = Release|Any CPU
		{C45AEDF2-1DBE-4C2E-BC76-DD31F6069DC6}.Release|Any CPU.Build.0 = Release|Any CPU
		{ECC4806D-5EBC-4CAD-AF20-6DF1D120A9F1}.Debug|Any CPU.ActiveCfg = Debug|Any CPU
		{ECC4806D-5EBC-4CAD-AF20-6DF1D120A9F1}.Debug|Any CPU.Build.0 = Debug|Any CPU
		{ECC4806D-5EBC-4CAD-AF20-6DF1D120A9F1}.Release|Any CPU.ActiveCfg = Release|Any CPU
		{ECC4806D-5EBC-4CAD-AF20-6DF1D120A9F1}.Release|Any CPU.Build.0 = Release|Any CPU
		{8CCBD6C9-D73D-450D-A18D-A08FD0353686}.Debug|Any CPU.ActiveCfg = Debug|Any CPU
		{8CCBD6C9-D73D-450D-A18D-A08FD0353686}.Debug|Any CPU.Build.0 = Debug|Any CPU
		{8CCBD6C9-D73D-450D-A18D-A08FD0353686}.Release|Any CPU.ActiveCfg = Release|Any CPU
		{8CCBD6C9-D73D-450D-A18D-A08FD0353686}.Release|Any CPU.Build.0 = Release|Any CPU
		{27F722DB-9DD3-4D60-8350-85A610E28DA2}.Debug|Any CPU.ActiveCfg = Debug|Any CPU
		{27F722DB-9DD3-4D60-8350-85A610E28DA2}.Debug|Any CPU.Build.0 = Debug|Any CPU
		{27F722DB-9DD3-4D60-8350-85A610E28DA2}.Release|Any CPU.ActiveCfg = Release|Any CPU
		{27F722DB-9DD3-4D60-8350-85A610E28DA2}.Release|Any CPU.Build.0 = Release|Any CPU
		{A2C278BC-1018-44BB-A51E-F993F7251A0D}.Debug|Any CPU.ActiveCfg = Debug|Any CPU
		{A2C278BC-1018-44BB-A51E-F993F7251A0D}.Debug|Any CPU.Build.0 = Debug|Any CPU
		{A2C278BC-1018-44BB-A51E-F993F7251A0D}.Release|Any CPU.ActiveCfg = Release|Any CPU
		{A2C278BC-1018-44BB-A51E-F993F7251A0D}.Release|Any CPU.Build.0 = Release|Any CPU
		{98396591-6DED-4FAD-A270-A4423CC94EFD}.Debug|Any CPU.ActiveCfg = Debug|Any CPU
		{98396591-6DED-4FAD-A270-A4423CC94EFD}.Debug|Any CPU.Build.0 = Debug|Any CPU
		{98396591-6DED-4FAD-A270-A4423CC94EFD}.Release|Any CPU.ActiveCfg = Release|Any CPU
		{98396591-6DED-4FAD-A270-A4423CC94EFD}.Release|Any CPU.Build.0 = Release|Any CPU
		{E8C9A2A7-C04F-4BDD-B1CC-5068D98D8A01}.Debug|Any CPU.ActiveCfg = Debug|Any CPU
		{E8C9A2A7-C04F-4BDD-B1CC-5068D98D8A01}.Debug|Any CPU.Build.0 = Debug|Any CPU
		{E8C9A2A7-C04F-4BDD-B1CC-5068D98D8A01}.Release|Any CPU.ActiveCfg = Release|Any CPU
		{E8C9A2A7-C04F-4BDD-B1CC-5068D98D8A01}.Release|Any CPU.Build.0 = Release|Any CPU
		{7B83F633-2752-4D47-BE2F-F39A808BFFD3}.Debug|Any CPU.ActiveCfg = Debug|Any CPU
		{7B83F633-2752-4D47-BE2F-F39A808BFFD3}.Debug|Any CPU.Build.0 = Debug|Any CPU
		{7B83F633-2752-4D47-BE2F-F39A808BFFD3}.Release|Any CPU.ActiveCfg = Release|Any CPU
		{7B83F633-2752-4D47-BE2F-F39A808BFFD3}.Release|Any CPU.Build.0 = Release|Any CPU
		{EDB6D720-B63A-4805-A656-3042A36CA937}.Debug|Any CPU.ActiveCfg = Debug|Any CPU
		{EDB6D720-B63A-4805-A656-3042A36CA937}.Debug|Any CPU.Build.0 = Debug|Any CPU
		{EDB6D720-B63A-4805-A656-3042A36CA937}.Release|Any CPU.ActiveCfg = Release|Any CPU
		{EDB6D720-B63A-4805-A656-3042A36CA937}.Release|Any CPU.Build.0 = Release|Any CPU
		{5648A0BE-D397-4947-B9F0-350342F5B63A}.Debug|Any CPU.ActiveCfg = Debug|Any CPU
		{5648A0BE-D397-4947-B9F0-350342F5B63A}.Debug|Any CPU.Build.0 = Debug|Any CPU
		{5648A0BE-D397-4947-B9F0-350342F5B63A}.Release|Any CPU.ActiveCfg = Release|Any CPU
		{5648A0BE-D397-4947-B9F0-350342F5B63A}.Release|Any CPU.Build.0 = Release|Any CPU
		{9D89BFEE-5DF8-49EB-B217-5046B5368204}.Debug|Any CPU.ActiveCfg = Debug|Any CPU
		{9D89BFEE-5DF8-49EB-B217-5046B5368204}.Debug|Any CPU.Build.0 = Debug|Any CPU
		{9D89BFEE-5DF8-49EB-B217-5046B5368204}.Release|Any CPU.ActiveCfg = Release|Any CPU
		{9D89BFEE-5DF8-49EB-B217-5046B5368204}.Release|Any CPU.Build.0 = Release|Any CPU
		{2F0E8CB5-9B4D-47B1-86CD-0764FAA19E55}.Debug|Any CPU.ActiveCfg = Debug|Any CPU
		{2F0E8CB5-9B4D-47B1-86CD-0764FAA19E55}.Debug|Any CPU.Build.0 = Debug|Any CPU
		{2F0E8CB5-9B4D-47B1-86CD-0764FAA19E55}.Release|Any CPU.ActiveCfg = Release|Any CPU
		{2F0E8CB5-9B4D-47B1-86CD-0764FAA19E55}.Release|Any CPU.Build.0 = Release|Any CPU
	EndGlobalSection
	GlobalSection(SolutionProperties) = preSolution
		HideSolutionNode = FALSE
	EndGlobalSection
	GlobalSection(NestedProjects) = preSolution
		{C45AEDF2-1DBE-4C2E-BC76-DD31F6069DC6} = {8D796F82-08F0-443D-9EA2-5B4EA481FB3D}
		{8D796F82-08F0-443D-9EA2-5B4EA481FB3D} = {9DFCB304-4323-494B-B407-F391E32B2504}
		{4609E209-99DF-454B-BFAF-1DB23FD8BE5B} = {9DFCB304-4323-494B-B407-F391E32B2504}
		{ECC4806D-5EBC-4CAD-AF20-6DF1D120A9F1} = {8D796F82-08F0-443D-9EA2-5B4EA481FB3D}
		{C03163A1-4DFF-4426-8271-EF31F3FC8AB4} = {9DFCB304-4323-494B-B407-F391E32B2504}
		{8CCBD6C9-D73D-450D-A18D-A08FD0353686} = {C03163A1-4DFF-4426-8271-EF31F3FC8AB4}
		{FA4D24D3-9507-45A2-994E-A37CB555AA95} = {9DFCB304-4323-494B-B407-F391E32B2504}
		{27F722DB-9DD3-4D60-8350-85A610E28DA2} = {FA4D24D3-9507-45A2-994E-A37CB555AA95}
		{A2C278BC-1018-44BB-A51E-F993F7251A0D} = {FA4D24D3-9507-45A2-994E-A37CB555AA95}
		{98396591-6DED-4FAD-A270-A4423CC94EFD} = {9DFCB304-4323-494B-B407-F391E32B2504}
		{E8C9A2A7-C04F-4BDD-B1CC-5068D98D8A01} = {9DFCB304-4323-494B-B407-F391E32B2504}
		{7B83F633-2752-4D47-BE2F-F39A808BFFD3} = {4609E209-99DF-454B-BFAF-1DB23FD8BE5B}
		{EDB6D720-B63A-4805-A656-3042A36CA937} = {4609E209-99DF-454B-BFAF-1DB23FD8BE5B}
		{5648A0BE-D397-4947-B9F0-350342F5B63A} = {8D796F82-08F0-443D-9EA2-5B4EA481FB3D}
		{9D89BFEE-5DF8-49EB-B217-5046B5368204} = {C03163A1-4DFF-4426-8271-EF31F3FC8AB4}
		{2F0E8CB5-9B4D-47B1-86CD-0764FAA19E55} = {9DFCB304-4323-494B-B407-F391E32B2504}
	EndGlobalSection
	GlobalSection(ExtensibilityGlobals) = postSolution
		SolutionGuid = {A8ECF7E0-8E53-4EE7-B031-A976B3CC6926}
	EndGlobalSection
EndGlobal
